{
  "requires": true,
  "lockfileVersion": 1,
  "dependencies": {
    "hncboy": {
      "version": "1.0.0",
      "resolved": "https://registry.npmjs.org/hncboy/-/hncboy-1.0.0.tgz",
      "integrity": "sha512-3dUbTpfir8RPlqqYsc6MLEnmV67WwisDfXVf5lKjmqiw6rykcDcKkQHA9RA/NAJNbB1y7R1WtD/JrKOR5zx3dw=="
    }
  }
}
